
Microsoft Visual Studio Solution File, Format Version 12.00
# Visual Studio Version 16
VisualStudioVersion = 16.0.31019.35
MinimumVisualStudioVersion = 10.0.40219.1
Project("{FAE04EC0-301F-11D3-BF4B-00C04F79EFBC}") = "Grapevine.Server", "Server\Grapevine.Server.csproj", "{F4ACDECB-04ED-4D2F-BE79-3FF4C9F01105}"
EndProject
Project("{FAE04EC0-301F-11D3-BF4B-00C04F79EFBC}") = "Grapevine.Client", "Client\Grapevine.Client.csproj", "{BEAB1E5E-A6C4-4E83-885C-C1566B11C378}"
EndProject
Project("{FAE04EC0-301F-11D3-BF4B-00C04F79EFBC}") = "Grapevine.Shared", "Shared\Grapevine.Shared.csproj", "{27A578DF-9B1C-46C9-95D4-27A46E39C2A6}"
EndProject
Global
	GlobalSection(SolutionConfigurationPlatforms) = preSolution
		Debug|Any CPU = Debug|Any CPU
		Release|Any CPU = Release|Any CPU
	EndGlobalSection
	GlobalSection(ProjectConfigurationPlatforms) = postSolution
		{F4ACDECB-04ED-4D2F-BE79-3FF4C9F01105}.Debug|Any CPU.ActiveCfg = Debug|Any CPU
		{F4ACDECB-04ED-4D2F-BE79-3FF4C9F01105}.Debug|Any CPU.Build.0 = Debug|Any CPU
		{F4ACDECB-04ED-4D2F-BE79-3FF4C9F01105}.Release|Any CPU.ActiveCfg = Release|Any CPU
		{F4ACDECB-04ED-4D2F-BE79-3FF4C9F01105}.Release|Any CPU.Build.0 = Release|Any CPU
		{BEAB1E5E-A6C4-4E83-885C-C1566B11C378}.Debug|Any CPU.ActiveCfg = Debug|Any CPU
		{BEAB1E5E-A6C4-4E83-885C-C1566B11C378}.Debug|Any CPU.Build.0 = Debug|Any CPU
		{BEAB1E5E-A6C4-4E83-885C-C1566B11C378}.Release|Any CPU.ActiveCfg = Release|Any CPU
		{BEAB1E5E-A6C4-4E83-885C-C1566B11C378}.Release|Any CPU.Build.0 = Release|Any CPU
		{27A578DF-9B1C-46C9-95D4-27A46E39C2A6}.Debug|Any CPU.ActiveCfg = Debug|Any CPU
		{27A578DF-9B1C-46C9-95D4-27A46E39C2A6}.Debug|Any CPU.Build.0 = Debug|Any CPU
		{27A578DF-9B1C-46C9-95D4-27A46E39C2A6}.Release|Any CPU.ActiveCfg = Release|Any CPU
		{27A578DF-9B1C-46C9-95D4-27A46E39C2A6}.Release|Any CPU.Build.0 = Release|Any CPU
	EndGlobalSection
	GlobalSection(SolutionProperties) = preSolution
		HideSolutionNode = FALSE
	EndGlobalSection
	GlobalSection(ExtensibilityGlobals) = postSolution
		SolutionGuid = {C86D283C-1862-4208-93FF-41EA444AB5ED}
	EndGlobalSection
EndGlobal
