
Microsoft Visual Studio Solution File, Format Version 12.00
# Visual Studio Version 16
VisualStudioVersion = 16.0.30804.86
MinimumVisualStudioVersion = 10.0.40219.1
Project("{9A19103F-16F7-4668-BE54-9A1E7A4F7556}") = "Grapevine", "Client\Grapevine.csproj", "{DCFB276C-AE54-440A-99D8-58A3F9EA7493}"
EndProject
Global
	GlobalSection(SolutionConfigurationPlatforms) = preSolution
		Debug|Any CPU = Debug|Any CPU
		Release|Any CPU = Release|Any CPU
	EndGlobalSection
	GlobalSection(ProjectConfigurationPlatforms) = postSolution
		{DCFB276C-AE54-440A-99D8-58A3F9EA7493}.Debug|Any CPU.ActiveCfg = Debug|Any CPU
		{DCFB276C-AE54-440A-99D8-58A3F9EA7493}.Debug|Any CPU.Build.0 = Debug|Any CPU
		{DCFB276C-AE54-440A-99D8-58A3F9EA7493}.Release|Any CPU.ActiveCfg = Release|Any CPU
		{DCFB276C-AE54-440A-99D8-58A3F9EA7493}.Release|Any CPU.Build.0 = Release|Any CPU
	EndGlobalSection
	GlobalSection(SolutionProperties) = preSolution
		HideSolutionNode = FALSE
	EndGlobalSection
	GlobalSection(ExtensibilityGlobals) = postSolution
		SolutionGuid = {E0E1FA7D-4077-4EA5-BA39-E0129D0A4DED}
	EndGlobalSection
EndGlobal
